{
  "pid": 56581,
  "hostname": "MacBook-Pro-4.local",
  "port": 55141,
  "startedAt": "2026-05-01T17:43:52.940Z",
  "worktreeRoot": "/Users/mileskaming-thanassi/Documents/test-wiki",
  "kind": "interactive",
  "parentPid": 56505,
  "capabilities": [
    "http",
    "ws"
  ],
  "protocolVersion": 1,
  "runtimeVersion": "0.3.0"
}